// !$*UTF8*$!
{
	archiveVersion = 1;
	classes = {
	};
	objectVersion = 51;
	objects = {

/* Begin PBXBuildFile section */
		844A5B7324195B940051F7BE /* AppDelegate.swift in Sources */ = {isa = PBXBuildFile; fileRef = 844A5B7224195B940051F7BE /* AppDelegate.swift */; };
		844A5B7524195B940051F7BE /* SceneDelegate.swift in Sources */ = {isa = PBXBuildFile; fileRef = 844A5B7424195B940051F7BE /* SceneDelegate.swift */; };
		844A5B7724195B940051F7BE /* ViewController.swift in Sources */ = {isa = PBXBuildFile; fileRef = 844A5B7624195B940051F7BE /* ViewController.swift */; };
		844A5B7A24195B940051F7BE /* Main.storyboard in Resources */ = {isa = PBXBuildFile; fileRef = 844A5B7824195B940051F7BE /* Main.storyboard */; };
		844A5B7C24195B950051F7BE /* Assets.xcassets in Resources */ = {isa = PBXBuildFile; fileRef = 844A5B7B24195B950051F7BE /* Assets.xcassets */; };
		844A5B7F24195B950051F7BE /* LaunchScreen.storyboard in Resources */ = {isa = PBXBuildFile; fileRef = 844A5B7D24195B950051F7BE /* LaunchScreen.storyboard */; };
		845033FE242174FF009A87B6 /* Constants.swift in Sources */ = {isa = PBXBuildFile; fileRef = 845033FD242174FF009A87B6 /* Constants.swift */; };
		846E9B99241FA02E006F87AC /* GoogleService-Info.plist in Resources */ = {isa = PBXBuildFile; fileRef = 846E9B98241FA02E006F87AC /* GoogleService-Info.plist */; };
		84A7C00A2484292D00501F9E /* THomeViewController.swift in Sources */ = {isa = PBXBuildFile; fileRef = 84A7C0092484292D00501F9E /* THomeViewController.swift */; };
		84EE792524195F7900F1CD2B /* SignUpViewController.swift in Sources */ = {isa = PBXBuildFile; fileRef = 84EE792424195F7900F1CD2B /* SignUpViewController.swift */; };
		84EE792724195FA000F1CD2B /* LoginViewController.swift in Sources */ = {isa = PBXBuildFile; fileRef = 84EE792624195FA000F1CD2B /* LoginViewController.swift */; };
		84EE792924195FBD00F1CD2B /* SHomeViewController.swift in Sources */ = {isa = PBXBuildFile; fileRef = 84EE792824195FBD00F1CD2B /* SHomeViewController.swift */; };
		84EE792C24196F5D00F1CD2B /* Utilities.swift in Sources */ = {isa = PBXBuildFile; fileRef = 84EE792B24196F5D00F1CD2B /* Utilities.swift */; };
		E04DF36F249536AA00F1702E /* MakeQuizVC.swift in Sources */ = {isa = PBXBuildFile; fileRef = E04DF36E249536AA00F1702E /* MakeQuizVC.swift */; };
		E04DF371249543A800F1702E /* QuizInfoVC.swift in Sources */ = {isa = PBXBuildFile; fileRef = E04DF370249543A800F1702E /* QuizInfoVC.swift */; };
		FCA17C252E383DBB82E5B589 /* Pods_DeuQuiz.framework in Frameworks */ = {isa = PBXBuildFile; fileRef = D458CB0761FAB482403B28A3 /* Pods_DeuQuiz.framework */; };
/* End PBXBuildFile section */

/* Begin PBXFileReference section */
		62443EFAB6E3E2D9BA2377F7 /* Pods-DeuQuiz.release.xcconfig */ = {isa = PBXFileReference; includeInIndex = 1; lastKnownFileType = text.xcconfig; name = "Pods-DeuQuiz.release.xcconfig"; path = "Target Support Files/Pods-DeuQuiz/Pods-DeuQuiz.release.xcconfig"; sourceTree = "<group>"; };
		76F0F4EDA0A71F0FCC2BA227 /* Pods-DeuQuiz.debug.xcconfig */ = {isa = PBXFileReference; includeInIndex = 1; lastKnownFileType = text.xcconfig; name = "Pods-DeuQuiz.debug.xcconfig"; path = "Target Support Files/Pods-DeuQuiz/Pods-DeuQuiz.debug.xcconfig"; sourceTree = "<group>"; };
		844A5B6F24195B940051F7BE /* DeuQuiz.app */ = {isa = PBXFileReference; explicitFileType = wrapper.application; includeInIndex = 0; path = DeuQuiz.app; sourceTree = BUILT_PRODUCTS_DIR; };
		844A5B7224195B940051F7BE /* AppDelegate.swift */ = {isa = PBXFileReference; lastKnownFileType = sourcecode.swift; path = AppDelegate.swift; sourceTree = "<group>"; };
		844A5B7424195B940051F7BE /* SceneDelegate.swift */ = {isa = PBXFileReference; lastKnownFileType = sourcecode.swift; path = SceneDelegate.swift; sourceTree = "<group>"; };
		844A5B7624195B940051F7BE /* ViewController.swift */ = {isa = PBXFileReference; lastKnownFileType = sourcecode.swift; path = ViewController.swift; sourceTree = "<group>"; };
		844A5B7924195B940051F7BE /* Base */ = {isa = PBXFileReference; lastKnownFileType = file.storyboard; name = Base; path = Base.lproj/Main.storyboard; sourceTree = "<group>"; };
		844A5B7B24195B950051F7BE /* Assets.xcassets */ = {isa = PBXFileReference; lastKnownFileType = folder.assetcatalog; path = Assets.xcassets; sourceTree = "<group>"; };
		844A5B7E24195B950051F7BE /* Base */ = {isa = PBXFileReference; lastKnownFileType = file.storyboard; name = Base; path = Base.lproj/LaunchScreen.storyboard; sourceTree = "<group>"; };
		844A5B8024195B950051F7BE /* Info.plist */ = {isa = PBXFileReference; lastKnownFileType = text.plist.xml; path = Info.plist; sourceTree = "<group>"; };
		845033FD242174FF009A87B6 /* Constants.swift */ = {isa = PBXFileReference; lastKnownFileType = sourcecode.swift; path = Constants.swift; sourceTree = "<group>"; };
		846E9B98241FA02E006F87AC /* GoogleService-Info.plist */ = {isa = PBXFileReference; fileEncoding = 4; lastKnownFileType = text.plist.xml; path = "GoogleService-Info.plist"; sourceTree = "<group>"; };
		84A7C0092484292D00501F9E /* THomeViewController.swift */ = {isa = PBXFileReference; lastKnownFileType = sourcecode.swift; path = THomeViewController.swift; sourceTree = "<group>"; };
		84EE792424195F7900F1CD2B /* SignUpViewController.swift */ = {isa = PBXFileReference; lastKnownFileType = sourcecode.swift; path = SignUpViewController.swift; sourceTree = "<group>"; };
		84EE792624195FA000F1CD2B /* LoginViewController.swift */ = {isa = PBXFileReference; lastKnownFileType = sourcecode.swift; path = LoginViewController.swift; sourceTree = "<group>"; };
		84EE792824195FBD00F1CD2B /* SHomeViewController.swift */ = {isa = PBXFileReference; lastKnownFileType = sourcecode.swift; path = SHomeViewController.swift; sourceTree = "<group>"; };
		84EE792B24196F5D00F1CD2B /* Utilities.swift */ = {isa = PBXFileReference; fileEncoding = 4; lastKnownFileType = sourcecode.swift; path = Utilities.swift; sourceTree = "<group>"; };
		D458CB0761FAB482403B28A3 /* Pods_DeuQuiz.framework */ = {isa = PBXFileReference; explicitFileType = wrapper.framework; includeInIndex = 0; path = Pods_DeuQuiz.framework; sourceTree = BUILT_PRODUCTS_DIR; };
		E04DF36E249536AA00F1702E /* MakeQuizVC.swift */ = {isa = PBXFileReference; lastKnownFileType = sourcecode.swift; path = MakeQuizVC.swift; sourceTree = "<group>"; };
		E04DF370249543A800F1702E /* QuizInfoVC.swift */ = {isa = PBXFileReference; lastKnownFileType = sourcecode.swift; path = QuizInfoVC.swift; sourceTree = "<group>"; };
/* End PBXFileReference section */

/* Begin PBXFrameworksBuildPhase section */
		844A5B6C24195B940051F7BE /* Frameworks */ = {
			isa = PBXFrameworksBuildPhase;
			buildActionMask = 2147483647;
			files = (
				FCA17C252E383DBB82E5B589 /* Pods_DeuQuiz.framework in Frameworks */,
			);
			runOnlyForDeploymentPostprocessing = 0;
		};
/* End PBXFrameworksBuildPhase section */

/* Begin PBXGroup section */
		844A5B6624195B940051F7BE = {
			isa = PBXGroup;
			children = (
				844A5B7124195B940051F7BE /* DeuQuiz */,
				844A5B7024195B940051F7BE /* Products */,
				EA009A65C6B0F7C28E08D3C6 /* Pods */,
				9831F39FF517ECBCB7F47249 /* Frameworks */,
			);
			sourceTree = "<group>";
		};
		844A5B7024195B940051F7BE /* Products */ = {
			isa = PBXGroup;
			children = (
				844A5B6F24195B940051F7BE /* DeuQuiz.app */,
			);
			name = Products;
			sourceTree = "<group>";
		};
		844A5B7124195B940051F7BE /* DeuQuiz */ = {
			isa = PBXGroup;
			children = (
				845033FF242188D0009A87B6 /* Media */,
				844A5B7224195B940051F7BE /* AppDelegate.swift */,
				844A5B7424195B940051F7BE /* SceneDelegate.swift */,
				84EE792D24196F6D00F1CD2B /* Helpers */,
				84EE792A24195FE900F1CD2B /* View Controller */,
				844A5B7824195B940051F7BE /* Main.storyboard */,
				844A5B7B24195B950051F7BE /* Assets.xcassets */,
				844A5B7D24195B950051F7BE /* LaunchScreen.storyboard */,
				846E9B98241FA02E006F87AC /* GoogleService-Info.plist */,
				844A5B8024195B950051F7BE /* Info.plist */,
			);
			path = DeuQuiz;
			sourceTree = "<group>";
		};
		845033FF242188D0009A87B6 /* Media */ = {
			isa = PBXGroup;
			children = (
			);
			path = Media;
			sourceTree = "<group>";
		};
		84EE792A24195FE900F1CD2B /* View Controller */ = {
			isa = PBXGroup;
			children = (
				84EE792424195F7900F1CD2B /* SignUpViewController.swift */,
				844A5B7624195B940051F7BE /* ViewController.swift */,
				84EE792624195FA000F1CD2B /* LoginViewController.swift */,
				84EE792824195FBD00F1CD2B /* SHomeViewController.swift */,
				84A7C0092484292D00501F9E /* THomeViewController.swift */,
				E04DF36E249536AA00F1702E /* MakeQuizVC.swift */,
				E04DF370249543A800F1702E /* QuizInfoVC.swift */,
			);
			path = "View Controller";
			sourceTree = "<group>";
		};
		84EE792D24196F6D00F1CD2B /* Helpers */ = {
			isa = PBXGroup;
			children = (
				84EE792B24196F5D00F1CD2B /* Utilities.swift */,
				845033FD242174FF009A87B6 /* Constants.swift */,
			);
			path = Helpers;
			sourceTree = "<group>";
		};
		9831F39FF517ECBCB7F47249 /* Frameworks */ = {
			isa = PBXGroup;
			children = (
				D458CB0761FAB482403B28A3 /* Pods_DeuQuiz.framework */,
			);
			name = Frameworks;
			sourceTree = "<group>";
		};
		EA009A65C6B0F7C28E08D3C6 /* Pods */ = {
			isa = PBXGroup;
			children = (
				76F0F4EDA0A71F0FCC2BA227 /* Pods-DeuQuiz.debug.xcconfig */,
				62443EFAB6E3E2D9BA2377F7 /* Pods-DeuQuiz.release.xcconfig */,
			);
			path = Pods;
			sourceTree = "<group>";
		};
/* End PBXGroup section */

/* Begin PBXNativeTarget section */
		844A5B6E24195B940051F7BE /* DeuQuiz */ = {
			isa = PBXNativeTarget;
			buildConfigurationList = 844A5B8324195B950051F7BE /* Build configuration list for PBXNativeTarget "DeuQuiz" */;
			buildPhases = (
				FD0BAA3FABA59D5FE8F49B53 /* [CP] Check Pods Manifest.lock */,
				844A5B6B24195B940051F7BE /* Sources */,
				844A5B6C24195B940051F7BE /* Frameworks */,
				844A5B6D24195B940051F7BE /* Resources */,
				D6DC5D6BBA23418AFA754D59 /* [CP] Embed Pods Frameworks */,
			);
			buildRules = (
			);
			dependencies = (
			);
			name = DeuQuiz;
			productName = DeuQuiz;
			productReference = 844A5B6F24195B940051F7BE /* DeuQuiz.app */;
			productType = "com.apple.product-type.application";
		};
/* End PBXNativeTarget section */

/* Begin PBXProject section */
		844A5B6724195B940051F7BE /* Project object */ = {
			isa = PBXProject;
			attributes = {
				LastSwiftUpdateCheck = 1130;
				LastUpgradeCheck = 1130;
				ORGANIZATIONNAME = og;
				TargetAttributes = {
					844A5B6E24195B940051F7BE = {
						CreatedOnToolsVersion = 11.3;
					};
				};
			};
			buildConfigurationList = 844A5B6A24195B940051F7BE /* Build configuration list for PBXProject "DeuQuiz" */;
			compatibilityVersion = "Xcode 9.3";
			developmentRegion = en;
			hasScannedForEncodings = 0;
			knownRegions = (
				en,
				Base,
			);
			mainGroup = 844A5B6624195B940051F7BE;
			productRefGroup = 844A5B7024195B940051F7BE /* Products */;
			projectDirPath = "";
			projectRoot = "";
			targets = (
				844A5B6E24195B940051F7BE /* DeuQuiz */,
			);
		};
/* End PBXProject section */

/* Begin PBXResourcesBuildPhase section */
		844A5B6D24195B940051F7BE /* Resources */ = {
			isa = PBXResourcesBuildPhase;
			buildActionMask = 2147483647;
			files = (
				844A5B7F24195B950051F7BE /* LaunchScreen.storyboard in Resources */,
				846E9B99241FA02E006F87AC /* GoogleService-Info.plist in Resources */,
				844A5B7C24195B950051F7BE /* Assets.xcassets in Resources */,
				844A5B7A24195B940051F7BE /* Main.storyboard in Resources */,
			);
			runOnlyForDeploymentPostprocessing = 0;
		};
/* End PBXResourcesBuildPhase section */

/* Begin PBXShellScriptBuildPhase section */
		D6DC5D6BBA23418AFA754D59 /* [CP] Embed Pods Frameworks */ = {
			isa = PBXShellScriptBuildPhase;
			buildActionMask = 2147483647;
			files = (
			);
			inputFileListPaths = (
				"${PODS_ROOT}/Target Support Files/Pods-DeuQuiz/Pods-DeuQuiz-frameworks-${CONFIGURATION}-input-files.xcfilelist",
			);
			name = "[CP] Embed Pods Frameworks";
			outputFileListPaths = (
				"${PODS_ROOT}/Target Support Files/Pods-DeuQuiz/Pods-DeuQuiz-frameworks-${CONFIGURATION}-output-files.xcfilelist",
			);
			runOnlyForDeploymentPostprocessing = 0;
			shellPath = /bin/sh;
			shellScript = "\"${PODS_ROOT}/Target Support Files/Pods-DeuQuiz/Pods-DeuQuiz-frameworks.sh\"\n";
			showEnvVarsInLog = 0;
		};
		FD0BAA3FABA59D5FE8F49B53 /* [CP] Check Pods Manifest.lock */ = {
			isa = PBXShellScriptBuildPhase;
			buildActionMask = 2147483647;
			files = (
			);
			inputFileListPaths = (
			);
			inputPaths = (
				"${PODS_PODFILE_DIR_PATH}/Podfile.lock",
				"${PODS_ROOT}/Manifest.lock",
			);
			name = "[CP] Check Pods Manifest.lock";
			outputFileListPaths = (
			);
			outputPaths = (
				"$(DERIVED_FILE_DIR)/Pods-DeuQuiz-checkManifestLockResult.txt",
			);
			runOnlyForDeploymentPostprocessing = 0;
			shellPath = /bin/sh;
			shellScript = "diff \"${PODS_PODFILE_DIR_PATH}/Podfile.lock\" \"${PODS_ROOT}/Manifest.lock\" > /dev/null\nif [ $? != 0 ] ; then\n    # print error to STDERR\n    echo \"error: The sandbox is not in sync with the Podfile.lock. Run 'pod install' or update your CocoaPods installation.\" >&2\n    exit 1\nfi\n# This output is used by Xcode 'outputs' to avoid re-running this script phase.\necho \"SUCCESS\" > \"${SCRIPT_OUTPUT_FILE_0}\"\n";
			showEnvVarsInLog = 0;
		};
/* End PBXShellScriptBuildPhase section */

/* Begin PBXSourcesBuildPhase section */
		844A5B6B24195B940051F7BE /* Sources */ = {
			isa = PBXSourcesBuildPhase;
			buildActionMask = 2147483647;
			files = (
				E04DF371249543A800F1702E /* QuizInfoVC.swift in Sources */,
				844A5B7724195B940051F7BE /* ViewController.swift in Sources */,
				844A5B7324195B940051F7BE /* AppDelegate.swift in Sources */,
				84EE792C24196F5D00F1CD2B /* Utilities.swift in Sources */,
				84EE792524195F7900F1CD2B /* SignUpViewController.swift in Sources */,
				84A7C00A2484292D00501F9E /* THomeViewController.swift in Sources */,
				84EE792724195FA000F1CD2B /* LoginViewController.swift in Sources */,
				844A5B7524195B940051F7BE /* SceneDelegate.swift in Sources */,
				84EE792924195FBD00F1CD2B /* SHomeViewController.swift in Sources */,
				E04DF36F249536AA00F1702E /* MakeQuizVC.swift in Sources */,
				845033FE242174FF009A87B6 /* Constants.swift in Sources */,
			);
			runOnlyForDeploymentPostprocessing = 0;
		};
/* End PBXSourcesBuildPhase section */

/* Begin PBXVariantGroup section */
		844A5B7824195B940051F7BE /* Main.storyboard */ = {
			isa = PBXVariantGroup;
			children = (
				844A5B7924195B940051F7BE /* Base */,
			);
			name = Main.storyboard;
			sourceTree = "<group>";
		};
		844A5B7D24195B950051F7BE /* LaunchScreen.storyboard */ = {
			isa = PBXVariantGroup;
			children = (
				844A5B7E24195B950051F7BE /* Base */,
			);
			name = LaunchScreen.storyboard;
			sourceTree = "<group>";
		};
/* End PBXVariantGroup section */

/* Begin XCBuildConfiguration section */
		844A5B8124195B950051F7BE /* Debug */ = {
			isa = XCBuildConfiguration;
			buildSettings = {
				ALWAYS_SEARCH_USER_PATHS = NO;
				CLANG_ANALYZER_NONNULL = YES;
				CLANG_ANALYZER_NUMBER_OBJECT_CONVERSION = YES_AGGRESSIVE;
				CLANG_CXX_LANGUAGE_STANDARD = "gnu++14";
				CLANG_CXX_LIBRARY = "libc++";
				CLANG_ENABLE_MODULES = YES;
				CLANG_ENABLE_OBJC_ARC = YES;
				CLANG_ENABLE_OBJC_WEAK = YES;
				CLANG_WARN_BLOCK_CAPTURE_AUTORELEASING = YES;
				CLANG_WARN_BOOL_CONVERSION = YES;
				CLANG_WARN_COMMA = YES;
				CLANG_WARN_CONSTANT_CONVERSION = YES;
				CLANG_WARN_DEPRECATED_OBJC_IMPLEMENTATIONS = YES;
				CLANG_WARN_DIRECT_OBJC_ISA_USAGE = YES_ERROR;
				CLANG_WARN_DOCUMENTATION_COMMENTS = YES;
				CLANG_WARN_EMPTY_BODY = YES;
				CLANG_WARN_ENUM_CONVERSION = YES;
				CLANG_WARN_INFINITE_RECURSION = YES;
				CLANG_WARN_INT_CONVERSION = YES;
				CLANG_WARN_NON_LITERAL_NULL_CONVERSION = YES;
				CLANG_WARN_OBJC_IMPLICIT_RETAIN_SELF = YES;
				CLANG_WARN_OBJC_LITERAL_CONVERSION = YES;
				CLANG_WARN_OBJC_ROOT_CLASS = YES_ERROR;
				CLANG_WARN_RANGE_LOOP_ANALYSIS = YES;
				CLANG_WARN_STRICT_PROTOTYPES = YES;
				CLANG_WARN_SUSPICIOUS_MOVE = YES;
				CLANG_WARN_UNGUARDED_AVAILABILITY = YES_AGGRESSIVE;
				CLANG_WARN_UNREACHABLE_CODE = YES;
				CLANG_WARN__DUPLICATE_METHOD_MATCH = YES;
				COPY_PHASE_STRIP = NO;
				DEBUG_INFORMATION_FORMAT = dwarf;
				ENABLE_STRICT_OBJC_MSGSEND = YES;
				ENABLE_TESTABILITY = YES;
				GCC_C_LANGUAGE_STANDARD = gnu11;
				GCC_DYNAMIC_NO_PIC = NO;
				GCC_NO_COMMON_BLOCKS = YES;
				GCC_OPTIMIZATION_LEVEL = 0;
				GCC_PREPROCESSOR_DEFINITIONS = (
					"DEBUG=1",
					"$(inherited)",
				);
				GCC_WARN_64_TO_32_BIT_CONVERSION = YES;
				GCC_WARN_ABOUT_RETURN_TYPE = YES_ERROR;
				GCC_WARN_UNDECLARED_SELECTOR = YES;
				GCC_WARN_UNINITIALIZED_AUTOS = YES_AGGRESSIVE;
				GCC_WARN_UNUSED_FUNCTION = YES;
				GCC_WARN_UNUSED_VARIABLE = YES;
				IPHONEOS_DEPLOYMENT_TARGET = 13.2;
				MTL_ENABLE_DEBUG_INFO = INCLUDE_SOURCE;
				MTL_FAST_MATH = YES;
				ONLY_ACTIVE_ARCH = YES;
				SDKROOT = iphoneos;
				SWIFT_ACTIVE_COMPILATION_CONDITIONS = DEBUG;
				SWIFT_OPTIMIZATION_LEVEL = "-Onone";
			};
			name = Debug;
		};
		844A5B8224195B950051F7BE /* Release */ = {
			isa = XCBuildConfiguration;
			buildSettings = {
				ALWAYS_SEARCH_USER_PATHS = NO;
				CLANG_ANALYZER_NONNULL = YES;
				CLANG_ANALYZER_NUMBER_OBJECT_CONVERSION = YES_AGGRESSIVE;
				CLANG_CXX_LANGUAGE_STANDARD = "gnu++14";
				CLANG_CXX_LIBRARY = "libc++";
				CLANG_ENABLE_MODULES = YES;
				CLANG_ENABLE_OBJC_ARC = YES;
				CLANG_ENABLE_OBJC_WEAK = YES;
				CLANG_WARN_BLOCK_CAPTURE_AUTORELEASING = YES;
				CLANG_WARN_BOOL_CONVERSION = YES;
				CLANG_WARN_COMMA = YES;
				CLANG_WARN_CONSTANT_CONVERSION = YES;
				CLANG_WARN_DEPRECATED_OBJC_IMPLEMENTATIONS = YES;
				CLANG_WARN_DIRECT_OBJC_ISA_USAGE = YES_ERROR;
				CLANG_WARN_DOCUMENTATION_COMMENTS = YES;
				CLANG_WARN_EMPTY_BODY = YES;
				CLANG_WARN_ENUM_CONVERSION = YES;
				CLANG_WARN_INFINITE_RECURSION = YES;
				CLANG_WARN_INT_CONVERSION = YES;
				CLANG_WARN_NON_LITERAL_NULL_CONVERSION = YES;
				CLANG_WARN_OBJC_IMPLICIT_RETAIN_SELF = YES;
				CLANG_WARN_OBJC_LITERAL_CONVERSION = YES;
				CLANG_WARN_OBJC_ROOT_CLASS = YES_ERROR;
				CLANG_WARN_RANGE_LOOP_ANALYSIS = YES;
				CLANG_WARN_STRICT_PROTOTYPES = YES;
				CLANG_WARN_SUSPICIOUS_MOVE = YES;
				CLANG_WARN_UNGUARDED_AVAILABILITY = YES_AGGRESSIVE;
				CLANG_WARN_UNREACHABLE_CODE = YES;
				CLANG_WARN__DUPLICATE_METHOD_MATCH = YES;
				COPY_PHASE_STRIP = NO;
				DEBUG_INFORMATION_FORMAT = "dwarf-with-dsym";
				ENABLE_NS_ASSERTIONS = NO;
				ENABLE_STRICT_OBJC_MSGSEND = YES;
				GCC_C_LANGUAGE_STANDARD = gnu11;
				GCC_NO_COMMON_BLOCKS = YES;
				GCC_WARN_64_TO_32_BIT_CONVERSION = YES;
				GCC_WARN_ABOUT_RETURN_TYPE = YES_ERROR;
				GCC_WARN_UNDECLARED_SELECTOR = YES;
				GCC_WARN_UNINITIALIZED_AUTOS = YES_AGGRESSIVE;
				GCC_WARN_UNUSED_FUNCTION = YES;
				GCC_WARN_UNUSED_VARIABLE = YES;
				IPHONEOS_DEPLOYMENT_TARGET = 13.2;
				MTL_ENABLE_DEBUG_INFO = NO;
				MTL_FAST_MATH = YES;
				SDKROOT = iphoneos;
				SWIFT_COMPILATION_MODE = wholemodule;
				SWIFT_OPTIMIZATION_LEVEL = "-O";
				VALIDATE_PRODUCT = YES;
			};
			name = Release;
		};
		844A5B8424195B950051F7BE /* Debug */ = {
			isa = XCBuildConfiguration;
			baseConfigurationReference = 76F0F4EDA0A71F0FCC2BA227 /* Pods-DeuQuiz.debug.xcconfig */;
			buildSettings = {
				ASSETCATALOG_COMPILER_APPICON_NAME = "AppIcon-1";
				CODE_SIGN_STYLE = Automatic;
				INFOPLIST_FILE = DeuQuiz/Info.plist;
				LD_RUNPATH_SEARCH_PATHS = (
					"$(inherited)",
					"@executable_path/Frameworks",
				);
				PRODUCT_BUNDLE_IDENTIFIER = og.DeuQuiz;
				PRODUCT_NAME = "$(TARGET_NAME)";
				SWIFT_VERSION = 5.0;
				TARGETED_DEVICE_FAMILY = "1,2";
			};
			name = Debug;
		};
		844A5B8524195B950051F7BE /* Release */ = {
			isa = XCBuildConfiguration;
			baseConfigurationReference = 62443EFAB6E3E2D9BA2377F7 /* Pods-DeuQuiz.release.xcconfig */;
			buildSettings = {
				ASSETCATALOG_COMPILER_APPICON_NAME = "AppIcon-1";
				CODE_SIGN_STYLE = Automatic;
				INFOPLIST_FILE = DeuQuiz/Info.plist;
				LD_RUNPATH_SEARCH_PATHS = (
					"$(inherited)",
					"@executable_path/Frameworks",
				);
				PRODUCT_BUNDLE_IDENTIFIER = og.DeuQuiz;
				PRODUCT_NAME = "$(TARGET_NAME)";
				SWIFT_VERSION = 5.0;
				TARGETED_DEVICE_FAMILY = "1,2";
			};
			name = Release;
		};
/* End XCBuildConfiguration section */

/* Begin XCConfigurationList section */
		844A5B6A24195B940051F7BE /* Build configuration list for PBXProject "DeuQuiz" */ = {
			isa = XCConfigurationList;
			buildConfigurations = (
				844A5B8124195B950051F7BE /* Debug */,
				844A5B8224195B950051F7BE /* Release */,
			);
			defaultConfigurationIsVisible = 0;
			defaultConfigurationName = Release;
		};
		844A5B8324195B950051F7BE /* Build configuration list for PBXNativeTarget "DeuQuiz" */ = {
			isa = XCConfigurationList;
			buildConfigurations = (
				844A5B8424195B950051F7BE /* Debug */,
				844A5B8524195B950051F7BE /* Release */,
			);
			defaultConfigurationIsVisible = 0;
			defaultConfigurationName = Release;
		};
/* End XCConfigurationList section */
	};
	rootObject = 844A5B6724195B940051F7BE /* Project object */;
}
